// !$*UTF8*$!
{
	archiveVersion = 1;
	classes = {
	};
	objectVersion = 55;
	objects = {

/* Begin PBXBuildFile section */
		A0949E12280FAA2300460EF1 /* ContentView.swift in Sources */ = {isa = PBXBuildFile; fileRef = A0949E11280FAA2300460EF1 /* ContentView.swift */; };
		A0C24204278BF727002F9152 /* FindCoronaCenterApp.swift in Sources */ = {isa = PBXBuildFile; fileRef = A0C24203278BF727002F9152 /* FindCoronaCenterApp.swift */; };
		A0C24208278BF728002F9152 /* Assets.xcassets in Resources */ = {isa = PBXBuildFile; fileRef = A0C24207278BF728002F9152 /* Assets.xcassets */; };
		A0C2420B278BF728002F9152 /* Preview Assets.xcassets in Resources */ = {isa = PBXBuildFile; fileRef = A0C2420A278BF728002F9152 /* Preview Assets.xcassets */; };
		A0C24212278BF758002F9152 /* CenterAPIResponse.swift in Sources */ = {isa = PBXBuildFile; fileRef = A0C24211278BF758002F9152 /* CenterAPIResponse.swift */; };
		A0C24214278BFA87002F9152 /* CenterAPI.swift in Sources */ = {isa = PBXBuildFile; fileRef = A0C24213278BFA87002F9152 /* CenterAPI.swift */; };
		A0C24216278BFBA2002F9152 /* CenterNetwork.swift in Sources */ = {isa = PBXBuildFile; fileRef = A0C24215278BFBA2002F9152 /* CenterNetwork.swift */; };
		A0C24219278C0704002F9152 /* RegionView.swift in Sources */ = {isa = PBXBuildFile; fileRef = A0C24218278C0704002F9152 /* RegionView.swift */; };
		A0C2421B278C070D002F9152 /* RegionViewModel.swift in Sources */ = {isa = PBXBuildFile; fileRef = A0C2421A278C070D002F9152 /* RegionViewModel.swift */; };
		A0C2421F278C09D3002F9152 /* RegionItem.swift in Sources */ = {isa = PBXBuildFile; fileRef = A0C2421E278C09D3002F9152 /* RegionItem.swift */; };
		A0C24222278C0EC9002F9152 /* CenterRow.swift in Sources */ = {isa = PBXBuildFile; fileRef = A0C24221278C0EC9002F9152 /* CenterRow.swift */; };
		A0C24224278C101F002F9152 /* CenterList.swift in Sources */ = {isa = PBXBuildFile; fileRef = A0C24223278C101F002F9152 /* CenterList.swift */; };
		A0C24226278C1309002F9152 /* MapView.swift in Sources */ = {isa = PBXBuildFile; fileRef = A0C24225278C1309002F9152 /* MapView.swift */; };
		A0C2422A278C177A002F9152 /* CenterDetailView.swift in Sources */ = {isa = PBXBuildFile; fileRef = A0C24229278C177A002F9152 /* CenterDetailView.swift */; };
/* End PBXBuildFile section */

/* Begin PBXFileReference section */
		A0949E11280FAA2300460EF1 /* ContentView.swift */ = {isa = PBXFileReference; lastKnownFileType = sourcecode.swift; path = ContentView.swift; sourceTree = "<group>"; };
		A0C24200278BF727002F9152 /* FindCoronaCenter.app */ = {isa = PBXFileReference; explicitFileType = wrapper.application; includeInIndex = 0; path = FindCoronaCenter.app; sourceTree = BUILT_PRODUCTS_DIR; };
		A0C24203278BF727002F9152 /* FindCoronaCenterApp.swift */ = {isa = PBXFileReference; lastKnownFileType = sourcecode.swift; path = FindCoronaCenterApp.swift; sourceTree = "<group>"; };
		A0C24207278BF728002F9152 /* Assets.xcassets */ = {isa = PBXFileReference; lastKnownFileType = folder.assetcatalog; path = Assets.xcassets; sourceTree = "<group>"; };
		A0C2420A278BF728002F9152 /* Preview Assets.xcassets */ = {isa = PBXFileReference; lastKnownFileType = folder.assetcatalog; path = "Preview Assets.xcassets"; sourceTree = "<group>"; };
		A0C24211278BF758002F9152 /* CenterAPIResponse.swift */ = {isa = PBXFileReference; lastKnownFileType = sourcecode.swift; path = CenterAPIResponse.swift; sourceTree = "<group>"; };
		A0C24213278BFA87002F9152 /* CenterAPI.swift */ = {isa = PBXFileReference; lastKnownFileType = sourcecode.swift; path = CenterAPI.swift; sourceTree = "<group>"; };
		A0C24215278BFBA2002F9152 /* CenterNetwork.swift */ = {isa = PBXFileReference; lastKnownFileType = sourcecode.swift; path = CenterNetwork.swift; sourceTree = "<group>"; };
		A0C24218278C0704002F9152 /* RegionView.swift */ = {isa = PBXFileReference; lastKnownFileType = sourcecode.swift; path = RegionView.swift; sourceTree = "<group>"; };
		A0C2421A278C070D002F9152 /* RegionViewModel.swift */ = {isa = PBXFileReference; lastKnownFileType = sourcecode.swift; path = RegionViewModel.swift; sourceTree = "<group>"; };
		A0C2421E278C09D3002F9152 /* RegionItem.swift */ = {isa = PBXFileReference; lastKnownFileType = sourcecode.swift; path = RegionItem.swift; sourceTree = "<group>"; };
		A0C24221278C0EC9002F9152 /* CenterRow.swift */ = {isa = PBXFileReference; lastKnownFileType = sourcecode.swift; path = CenterRow.swift; sourceTree = "<group>"; };
		A0C24223278C101F002F9152 /* CenterList.swift */ = {isa = PBXFileReference; lastKnownFileType = sourcecode.swift; path = CenterList.swift; sourceTree = "<group>"; };
		A0C24225278C1309002F9152 /* MapView.swift */ = {isa = PBXFileReference; lastKnownFileType = sourcecode.swift; path = MapView.swift; sourceTree = "<group>"; };
		A0C24229278C177A002F9152 /* CenterDetailView.swift */ = {isa = PBXFileReference; lastKnownFileType = sourcecode.swift; path = CenterDetailView.swift; sourceTree = "<group>"; };
/* End PBXFileReference section */

/* Begin PBXFrameworksBuildPhase section */
		A0C241FD278BF727002F9152 /* Frameworks */ = {
			isa = PBXFrameworksBuildPhase;
			buildActionMask = 2147483647;
			files = (
			);
			runOnlyForDeploymentPostprocessing = 0;
		};
/* End PBXFrameworksBuildPhase section */

/* Begin PBXGroup section */
		A0949E0F280FA9F200460EF1 /* Region */ = {
			isa = PBXGroup;
			children = (
				A0C24218278C0704002F9152 /* RegionView.swift */,
				A0C2421A278C070D002F9152 /* RegionViewModel.swift */,
				A0C2421E278C09D3002F9152 /* RegionItem.swift */,
				A0949E10280FA9FD00460EF1 /* Center */,
			);
			path = Region;
			sourceTree = "<group>";
		};
		A0949E10280FA9FD00460EF1 /* Center */ = {
			isa = PBXGroup;
			children = (
				A0C24223278C101F002F9152 /* CenterList.swift */,
				A0C24221278C0EC9002F9152 /* CenterRow.swift */,
				A0949E1F28101F8F00460EF1 /* Detail */,
			);
			path = Center;
			sourceTree = "<group>";
		};
		A0949E1F28101F8F00460EF1 /* Detail */ = {
			isa = PBXGroup;
			children = (
				A0C24229278C177A002F9152 /* CenterDetailView.swift */,
				A0C24225278C1309002F9152 /* MapView.swift */,
			);
			path = Detail;
			sourceTree = "<group>";
		};
		A0C241F7278BF727002F9152 = {
			isa = PBXGroup;
			children = (
				A0C24202278BF727002F9152 /* FindCoronaCenter */,
				A0C24201278BF727002F9152 /* Products */,
			);
			sourceTree = "<group>";
		};
		A0C24201278BF727002F9152 /* Products */ = {
			isa = PBXGroup;
			children = (
				A0C24200278BF727002F9152 /* FindCoronaCenter.app */,
			);
			name = Products;
			sourceTree = "<group>";
		};
		A0C24202278BF727002F9152 /* FindCoronaCenter */ = {
			isa = PBXGroup;
			children = (
				A0C24203278BF727002F9152 /* FindCoronaCenterApp.swift */,
				A0C24217278C011D002F9152 /* Network */,
				A0C24220278C0BE4002F9152 /* Scene */,
				A0C24207278BF728002F9152 /* Assets.xcassets */,
				A0C24209278BF728002F9152 /* Preview Content */,
			);
			path = FindCoronaCenter;
			sourceTree = "<group>";
		};
		A0C24209278BF728002F9152 /* Preview Content */ = {
			isa = PBXGroup;
			children = (
				A0C2420A278BF728002F9152 /* Preview Assets.xcassets */,
			);
			path = "Preview Content";
			sourceTree = "<group>";
		};
		A0C24217278C011D002F9152 /* Network */ = {
			isa = PBXGroup;
			children = (
				A0C24211278BF758002F9152 /* CenterAPIResponse.swift */,
				A0C24213278BFA87002F9152 /* CenterAPI.swift */,
				A0C24215278BFBA2002F9152 /* CenterNetwork.swift */,
			);
			path = Network;
			sourceTree = "<group>";
		};
		A0C24220278C0BE4002F9152 /* Scene */ = {
			isa = PBXGroup;
			children = (
				A0949E11280FAA2300460EF1 /* ContentView.swift */,
				A0949E0F280FA9F200460EF1 /* Region */,
			);
			path = Scene;
			sourceTree = "<group>";
		};
/* End PBXGroup section */

/* Begin PBXNativeTarget section */
		A0C241FF278BF727002F9152 /* FindCoronaCenter */ = {
			isa = PBXNativeTarget;
			buildConfigurationList = A0C2420E278BF728002F9152 /* Build configuration list for PBXNativeTarget "FindCoronaCenter" */;
			buildPhases = (
				A0C241FC278BF727002F9152 /* Sources */,
				A0C241FD278BF727002F9152 /* Frameworks */,
				A0C241FE278BF727002F9152 /* Resources */,
			);
			buildRules = (
			);
			dependencies = (
			);
			name = FindCoronaCenter;
			productName = FindCoronaCenter;
			productReference = A0C24200278BF727002F9152 /* FindCoronaCenter.app */;
			productType = "com.apple.product-type.application";
		};
/* End PBXNativeTarget section */

/* Begin PBXProject section */
		A0C241F8278BF727002F9152 /* Project object */ = {
			isa = PBXProject;
			attributes = {
				BuildIndependentTargetsInParallel = 1;
				LastSwiftUpdateCheck = 1320;
				LastUpgradeCheck = 1320;
				TargetAttributes = {
					A0C241FF278BF727002F9152 = {
						CreatedOnToolsVersion = 13.2.1;
					};
				};
			};
			buildConfigurationList = A0C241FB278BF727002F9152 /* Build configuration list for PBXProject "FindCoronaCenter" */;
			compatibilityVersion = "Xcode 13.0";
			developmentRegion = en;
			hasScannedForEncodings = 0;
			knownRegions = (
				en,
				Base,
			);
			mainGroup = A0C241F7278BF727002F9152;
			productRefGroup = A0C24201278BF727002F9152 /* Products */;
			projectDirPath = "";
			projectRoot = "";
			targets = (
				A0C241FF278BF727002F9152 /* FindCoronaCenter */,
			);
		};
/* End PBXProject section */

/* Begin PBXResourcesBuildPhase section */
		A0C241FE278BF727002F9152 /* Resources */ = {
			isa = PBXResourcesBuildPhase;
			buildActionMask = 2147483647;
			files = (
				A0C2420B278BF728002F9152 /* Preview Assets.xcassets in Resources */,
				A0C24208278BF728002F9152 /* Assets.xcassets in Resources */,
			);
			runOnlyForDeploymentPostprocessing = 0;
		};
/* End PBXResourcesBuildPhase section */

/* Begin PBXSourcesBuildPhase section */
		A0C241FC278BF727002F9152 /* Sources */ = {
			isa = PBXSourcesBuildPhase;
			buildActionMask = 2147483647;
			files = (
				A0C24224278C101F002F9152 /* CenterList.swift in Sources */,
				A0C24222278C0EC9002F9152 /* CenterRow.swift in Sources */,
				A0949E12280FAA2300460EF1 /* ContentView.swift in Sources */,
				A0C2421B278C070D002F9152 /* RegionViewModel.swift in Sources */,
				A0C24226278C1309002F9152 /* MapView.swift in Sources */,
				A0C2422A278C177A002F9152 /* CenterDetailView.swift in Sources */,
				A0C24219278C0704002F9152 /* RegionView.swift in Sources */,
				A0C24214278BFA87002F9152 /* CenterAPI.swift in Sources */,
				A0C24212278BF758002F9152 /* CenterAPIResponse.swift in Sources */,
				A0C24204278BF727002F9152 /* FindCoronaCenterApp.swift in Sources */,
				A0C2421F278C09D3002F9152 /* RegionItem.swift in Sources */,
				A0C24216278BFBA2002F9152 /* CenterNetwork.swift in Sources */,
			);
			runOnlyForDeploymentPostprocessing = 0;
		};
/* End PBXSourcesBuildPhase section */

/* Begin XCBuildConfiguration section */
		A0C2420C278BF728002F9152 /* Debug */ = {
			isa = XCBuildConfiguration;
			buildSettings = {
				ALWAYS_SEARCH_USER_PATHS = NO;
				CLANG_ANALYZER_NONNULL = YES;
				CLANG_ANALYZER_NUMBER_OBJECT_CONVERSION = YES_AGGRESSIVE;
				CLANG_CXX_LANGUAGE_STANDARD = "gnu++17";
				CLANG_CXX_LIBRARY = "libc++";
				CLANG_ENABLE_MODULES = YES;
				CLANG_ENABLE_OBJC_ARC = YES;
				CLANG_ENABLE_OBJC_WEAK = YES;
				CLANG_WARN_BLOCK_CAPTURE_AUTORELEASING = YES;
				CLANG_WARN_BOOL_CONVERSION = YES;
				CLANG_WARN_COMMA = YES;
				CLANG_WARN_CONSTANT_CONVERSION = YES;
				CLANG_WARN_DEPRECATED_OBJC_IMPLEMENTATIONS = YES;
				CLANG_WARN_DIRECT_OBJC_ISA_USAGE = YES_ERROR;
				CLANG_WARN_DOCUMENTATION_COMMENTS = YES;
				CLANG_WARN_EMPTY_BODY = YES;
				CLANG_WARN_ENUM_CONVERSION = YES;
				CLANG_WARN_INFINITE_RECURSION = YES;
				CLANG_WARN_INT_CONVERSION = YES;
				CLANG_WARN_NON_LITERAL_NULL_CONVERSION = YES;
				CLANG_WARN_OBJC_IMPLICIT_RETAIN_SELF = YES;
				CLANG_WARN_OBJC_LITERAL_CONVERSION = YES;
				CLANG_WARN_OBJC_ROOT_CLASS = YES_ERROR;
				CLANG_WARN_QUOTED_INCLUDE_IN_FRAMEWORK_HEADER = YES;
				CLANG_WARN_RANGE_LOOP_ANALYSIS = YES;
				CLANG_WARN_STRICT_PROTOTYPES = YES;
				CLANG_WARN_SUSPICIOUS_MOVE = YES;
				CLANG_WARN_UNGUARDED_AVAILABILITY = YES_AGGRESSIVE;
				CLANG_WARN_UNREACHABLE_CODE = YES;
				CLANG_WARN__DUPLICATE_METHOD_MATCH = YES;
				COPY_PHASE_STRIP = NO;
				DEBUG_INFORMATION_FORMAT = dwarf;
				ENABLE_STRICT_OBJC_MSGSEND = YES;
				ENABLE_TESTABILITY = YES;
				GCC_C_LANGUAGE_STANDARD = gnu11;
				GCC_DYNAMIC_NO_PIC = NO;
				GCC_NO_COMMON_BLOCKS = YES;
				GCC_OPTIMIZATION_LEVEL = 0;
				GCC_PREPROCESSOR_DEFINITIONS = (
					"DEBUG=1",
					"$(inherited)",
				);
				GCC_WARN_64_TO_32_BIT_CONVERSION = YES;
				GCC_WARN_ABOUT_RETURN_TYPE = YES_ERROR;
				GCC_WARN_UNDECLARED_SELECTOR = YES;
				GCC_WARN_UNINITIALIZED_AUTOS = YES_AGGRESSIVE;
				GCC_WARN_UNUSED_FUNCTION = YES;
				GCC_WARN_UNUSED_VARIABLE = YES;
				IPHONEOS_DEPLOYMENT_TARGET = 15.2;
				MTL_ENABLE_DEBUG_INFO = INCLUDE_SOURCE;
				MTL_FAST_MATH = YES;
				ONLY_ACTIVE_ARCH = YES;
				SDKROOT = iphoneos;
				SWIFT_ACTIVE_COMPILATION_CONDITIONS = DEBUG;
				SWIFT_OPTIMIZATION_LEVEL = "-Onone";
			};
			name = Debug;
		};
		A0C2420D278BF728002F9152 /* Release */ = {
			isa = XCBuildConfiguration;
			buildSettings = {
				ALWAYS_SEARCH_USER_PATHS = NO;
				CLANG_ANALYZER_NONNULL = YES;
				CLANG_ANALYZER_NUMBER_OBJECT_CONVERSION = YES_AGGRESSIVE;
				CLANG_CXX_LANGUAGE_STANDARD = "gnu++17";
				CLANG_CXX_LIBRARY = "libc++";
				CLANG_ENABLE_MODULES = YES;
				CLANG_ENABLE_OBJC_ARC = YES;
				CLANG_ENABLE_OBJC_WEAK = YES;
				CLANG_WARN_BLOCK_CAPTURE_AUTORELEASING = YES;
				CLANG_WARN_BOOL_CONVERSION = YES;
				CLANG_WARN_COMMA = YES;
				CLANG_WARN_CONSTANT_CONVERSION = YES;
				CLANG_WARN_DEPRECATED_OBJC_IMPLEMENTATIONS = YES;
				CLANG_WARN_DIRECT_OBJC_ISA_USAGE = YES_ERROR;
				CLANG_WARN_DOCUMENTATION_COMMENTS = YES;
				CLANG_WARN_EMPTY_BODY = YES;
				CLANG_WARN_ENUM_CONVERSION = YES;
				CLANG_WARN_INFINITE_RECURSION = YES;
				CLANG_WARN_INT_CONVERSION = YES;
				CLANG_WARN_NON_LITERAL_NULL_CONVERSION = YES;
				CLANG_WARN_OBJC_IMPLICIT_RETAIN_SELF = YES;
				CLANG_WARN_OBJC_LITERAL_CONVERSION = YES;
				CLANG_WARN_OBJC_ROOT_CLASS = YES_ERROR;
				CLANG_WARN_QUOTED_INCLUDE_IN_FRAMEWORK_HEADER = YES;
				CLANG_WARN_RANGE_LOOP_ANALYSIS = YES;
				CLANG_WARN_STRICT_PROTOTYPES = YES;
				CLANG_WARN_SUSPICIOUS_MOVE = YES;
				CLANG_WARN_UNGUARDED_AVAILABILITY = YES_AGGRESSIVE;
				CLANG_WARN_UNREACHABLE_CODE = YES;
				CLANG_WARN__DUPLICATE_METHOD_MATCH = YES;
				COPY_PHASE_STRIP = NO;
				DEBUG_INFORMATION_FORMAT = "dwarf-with-dsym";
				ENABLE_NS_ASSERTIONS = NO;
				ENABLE_STRICT_OBJC_MSGSEND = YES;
				GCC_C_LANGUAGE_STANDARD = gnu11;
				GCC_NO_COMMON_BLOCKS = YES;
				GCC_WARN_64_TO_32_BIT_CONVERSION = YES;
				GCC_WARN_ABOUT_RETURN_TYPE = YES_ERROR;
				GCC_WARN_UNDECLARED_SELECTOR = YES;
				GCC_WARN_UNINITIALIZED_AUTOS = YES_AGGRESSIVE;
				GCC_WARN_UNUSED_FUNCTION = YES;
				GCC_WARN_UNUSED_VARIABLE = YES;
				IPHONEOS_DEPLOYMENT_TARGET = 15.2;
				MTL_ENABLE_DEBUG_INFO = NO;
				MTL_FAST_MATH = YES;
				SDKROOT = iphoneos;
				SWIFT_COMPILATION_MODE = wholemodule;
				SWIFT_OPTIMIZATION_LEVEL = "-O";
				VALIDATE_PRODUCT = YES;
			};
			name = Release;
		};
		A0C2420F278BF728002F9152 /* Debug */ = {
			isa = XCBuildConfiguration;
			buildSettings = {
				ASSETCATALOG_COMPILER_APPICON_NAME = AppIcon;
				ASSETCATALOG_COMPILER_GLOBAL_ACCENT_COLOR_NAME = AccentColor;
				CODE_SIGN_STYLE = Automatic;
				CURRENT_PROJECT_VERSION = 1;
				DEVELOPMENT_ASSET_PATHS = "\"FindCoronaCenter/Preview Content\"";
				DEVELOPMENT_TEAM = HM9J3DG5MT;
				ENABLE_PREVIEWS = YES;
				GENERATE_INFOPLIST_FILE = YES;
				INFOPLIST_KEY_UIApplicationSceneManifest_Generation = YES;
				INFOPLIST_KEY_UIApplicationSupportsIndirectInputEvents = YES;
				INFOPLIST_KEY_UILaunchScreen_Generation = YES;
				INFOPLIST_KEY_UISupportedInterfaceOrientations_iPad = "UIInterfaceOrientationPortrait UIInterfaceOrientationPortraitUpsideDown UIInterfaceOrientationLandscapeLeft UIInterfaceOrientationLandscapeRight";
				INFOPLIST_KEY_UISupportedInterfaceOrientations_iPhone = "UIInterfaceOrientationPortrait UIInterfaceOrientationLandscapeLeft UIInterfaceOrientationLandscapeRight";
				LD_RUNPATH_SEARCH_PATHS = (
					"$(inherited)",
					"@executable_path/Frameworks",
				);
				MARKETING_VERSION = 1.0;
				PRODUCT_BUNDLE_IDENTIFIER = com.soduma.FindCoronaCenter;
				PRODUCT_NAME = "$(TARGET_NAME)";
				SWIFT_EMIT_LOC_STRINGS = YES;
				SWIFT_VERSION = 5.0;
				TARGETED_DEVICE_FAMILY = "1,2";
			};
			name = Debug;
		};
		A0C24210278BF728002F9152 /* Release */ = {
			isa = XCBuildConfiguration;
			buildSettings = {
				ASSETCATALOG_COMPILER_APPICON_NAME = AppIcon;
				ASSETCATALOG_COMPILER_GLOBAL_ACCENT_COLOR_NAME = AccentColor;
				CODE_SIGN_STYLE = Automatic;
				CURRENT_PROJECT_VERSION = 1;
				DEVELOPMENT_ASSET_PATHS = "\"FindCoronaCenter/Preview Content\"";
				DEVELOPMENT_TEAM = HM9J3DG5MT;
				ENABLE_PREVIEWS = YES;
				GENERATE_INFOPLIST_FILE = YES;
				INFOPLIST_KEY_UIApplicationSceneManifest_Generation = YES;
				INFOPLIST_KEY_UIApplicationSupportsIndirectInputEvents = YES;
				INFOPLIST_KEY_UILaunchScreen_Generation = YES;
				INFOPLIST_KEY_UISupportedInterfaceOrientations_iPad = "UIInterfaceOrientationPortrait UIInterfaceOrientationPortraitUpsideDown UIInterfaceOrientationLandscapeLeft UIInterfaceOrientationLandscapeRight";
				INFOPLIST_KEY_UISupportedInterfaceOrientations_iPhone = "UIInterfaceOrientationPortrait UIInterfaceOrientationLandscapeLeft UIInterfaceOrientationLandscapeRight";
				LD_RUNPATH_SEARCH_PATHS = (
					"$(inherited)",
					"@executable_path/Frameworks",
				);
				MARKETING_VERSION = 1.0;
				PRODUCT_BUNDLE_IDENTIFIER = com.soduma.FindCoronaCenter;
				PRODUCT_NAME = "$(TARGET_NAME)";
				SWIFT_EMIT_LOC_STRINGS = YES;
				SWIFT_VERSION = 5.0;
				TARGETED_DEVICE_FAMILY = "1,2";
			};
			name = Release;
		};
/* End XCBuildConfiguration section */

/* Begin XCConfigurationList section */
		A0C241FB278BF727002F9152 /* Build configuration list for PBXProject "FindCoronaCenter" */ = {
			isa = XCConfigurationList;
			buildConfigurations = (
				A0C2420C278BF728002F9152 /* Debug */,
				A0C2420D278BF728002F9152 /* Release */,
			);
			defaultConfigurationIsVisible = 0;
			defaultConfigurationName = Release;
		};
		A0C2420E278BF728002F9152 /* Build configuration list for PBXNativeTarget "FindCoronaCenter" */ = {
			isa = XCConfigurationList;
			buildConfigurations = (
				A0C2420F278BF728002F9152 /* Debug */,
				A0C24210278BF728002F9152 /* Release */,
			);
			defaultConfigurationIsVisible = 0;
			defaultConfigurationName = Release;
		};
/* End XCConfigurationList section */
	};
	rootObject = A0C241F8278BF727002F9152 /* Project object */;
}
